{"SurveyEntry":{"SurveyID":"SV_0v4s1MHQnr4cPz0","SurveyName":"SEA-AD Post","SurveyDescription":null,"SurveyOwnerID":"UR_55cHjOPY8o3aX9H","SurveyBrandID":"dom","DivisionID":null,"SurveyLanguage":"EN","SurveyActiveResponseSet":"RS_3q8lpsl9zCDmzfo","SurveyStatus":"Active","SurveyStartDate":"0000-00-00 00:00:00","SurveyExpirationDate":"0000-00-00 00:00:00","SurveyCreationDate":"2025-09-24 20:53:37","CreatorID":"UR_55cHjOPY8o3aX9H","LastModified":"2026-07-07 12:19:42","LastAccessed":"0000-00-00 00:00:00","LastActivated":"2025-09-24 21:02:48","Deleted":null},"SurveyElements":[{"SurveyID":"SV_0v4s1MHQnr4cPz0","Element":"BL","PrimaryAttribute":"Survey Blocks","SecondaryAttribute":null,"TertiaryAttribute":null,"Payload":[{"Type":"Default","Description":"Default Question Block","ID":"BL_d4oFwaa7zfK7bdI","BlockElements":[{"Type":"Question","QuestionID":"QID1","SkipLogic":[{"SkipLogicID":1,"ChoiceLocator":"q:\/\/QID1\/SelectableChoice\/2","Condition":"Selected","SkipToDestination":"ENDOFSURVEY","Locator":"q:\/\/QID1\/SelectableChoice\/2","SkipToDescription":"You are being asked to part... <strong>I decline participation and...<\/strong>  <strong>Is Selected<\/strong>","Description":"Condition: <strong title=\"I decline participation and\/or I am not yet 18 years old\">I decline participation and...<\/strong> <strong>Is Selected<\/strong>. Skip To: <strong>End of Survey<\/strong>.","QuestionID":"QID1"}]}]},{"Type":"Trash","Description":"Trash \/ Unused Questions","ID":"BL_7PBzeRONKMtSxZs"},{"Type":"Standard","SubType":"","Description":"Attitudes","ID":"BL_9YV3uUX7G85bIZo","BlockElements":[{"Type":"Question","QuestionID":"QID3"},{"Type":"Page Break"},{"Type":"Question","QuestionID":"QID2"}]},{"Type":"Standard","SubType":"","Description":"Objective","ID":"BL_8vNq0zI9VPulram","BlockElements":[{"Type":"Question","QuestionID":"QID4"},{"Type":"Page Break"},{"Type":"Question","QuestionID":"QID5"},{"Type":"Question","QuestionID":"QID6"},{"Type":"Question","QuestionID":"QID7"},{"Type":"Question","QuestionID":"QID11"},{"Type":"Question","QuestionID":"QID12"},{"Type":"Question","QuestionID":"QID13"}]},{"Type":"Standard","SubType":"","Description":"Debrief","ID":"BL_efh60qz3DkOh8JE","BlockElements":[{"Type":"Question","QuestionID":"QID8"}]},{"Type":"Standard","SubType":"","Description":"Block 4","ID":"BL_80yHKmJva74uRCe","BlockElements":[{"Type":"Question","QuestionID":"QID9"},{"Type":"Page Break"},{"Type":"Question","QuestionID":"QID10"}]}]},{"SurveyID":"SV_0v4s1MHQnr4cPz0","Element":"FL","PrimaryAttribute":"Survey Flow","SecondaryAttribute":null,"TertiaryAttribute":null,"Payload":{"Flow":[{"ID":"BL_d4oFwaa7zfK7bdI","Type":"Block","FlowID":"FL_2"},{"ID":"BL_9YV3uUX7G85bIZo","Type":"Standard","FlowID":"FL_3"},{"ID":"BL_80yHKmJva74uRCe","Type":"Standard","FlowID":"FL_6"},{"ID":"BL_8vNq0zI9VPulram","Type":"Standard","FlowID":"FL_4"},{"ID":"BL_efh60qz3DkOh8JE","Type":"Standard","FlowID":"FL_5"}],"Properties":{"Count":6},"FlowID":"FL_1","Type":"Root"}},{"SurveyID":"SV_0v4s1MHQnr4cPz0","Element":"PL","PrimaryAttribute":"Preview Link","SecondaryAttribute":null,"TertiaryAttribute":null,"Payload":{"PreviewType":"Brand","PreviewID":"94456203-8081-4f7e-b874-4fad774629df"}},{"SurveyID":"SV_0v4s1MHQnr4cPz0","Element":"PROJ","PrimaryAttribute":"CORE","SecondaryAttribute":null,"TertiaryAttribute":"1.1.0","Payload":{"ProjectCategory":"CORE","SchemaVersion":"1.1.0"}},{"SurveyID":"SV_0v4s1MHQnr4cPz0","Element":"QC","PrimaryAttribute":"Survey Question Count","SecondaryAttribute":"13","TertiaryAttribute":null,"Payload":null},{"SurveyID":"SV_0v4s1MHQnr4cPz0","Element":"RS","PrimaryAttribute":"RS_3q8lpsl9zCDmzfo","SecondaryAttribute":null,"TertiaryAttribute":null,"Payload":null},{"SurveyID":"SV_0v4s1MHQnr4cPz0","Element":"SCO","PrimaryAttribute":"Scoring","SecondaryAttribute":null,"TertiaryAttribute":null,"Payload":{"ScoringCategories":[],"ScoringCategoryGroups":[],"ScoringSummaryCategory":null,"ScoringSummaryAfterQuestions":0,"ScoringSummaryAfterSurvey":0,"DefaultScoringCategory":null,"AutoScoringCategory":null}},{"SurveyID":"SV_0v4s1MHQnr4cPz0","Element":"SO","PrimaryAttribute":"Survey Options","SecondaryAttribute":null,"TertiaryAttribute":null,"Payload":{"BackButton":"false","SaveAndContinue":"true","SurveyProtection":"PublicSurvey","BallotBoxStuffingPrevention":"false","NoIndex":"Yes","SecureResponseFiles":"true","SurveyExpiration":"None","SurveyTermination":"DefaultMessage","Header":"","Footer":"","ProgressBarDisplay":"None","PartialData":"+1 week","ValidationMessage":null,"PreviousButton":"","NextButton":"","SurveyTitle":"Qualtrics Survey | Qualtrics Experience Management","SkinLibrary":"dom","SkinType":"templated","Skin":{"brandingId":null,"templateId":"*base","overrides":null},"NewScoring":1,"SurveyMetaDescription":"The most powerful, simple and trusted way to gather experience data. Start your journey to experience management and try a free account today.","EOSMessage":null,"ShowExportTags":"false","CollectGeoLocation":"false","PasswordProtection":"No","AnonymizeResponse":"Yes","RefererCheck":"No","BallotBoxStuffingPreventionBehavior":null,"BallotBoxStuffingPreventionMessage":null,"BallotBoxStuffingPreventionMessageLibrary":null,"BallotBoxStuffingPreventionURL":null,"RecaptchaV3":"false","ConfirmStart":false,"AutoConfirmStart":false,"RelevantID":"false","RelevantIDLockoutPeriod":"+30 days","UseCustomSurveyLinkCompletedMessage":null,"SurveyLinkCompletedMessage":null,"SurveyLinkCompletedMessageLibrary":null,"ResponseSummary":"No","EOSMessageLibrary":null,"EOSRedirectURL":null,"EmailThankYou":"false","ThankYouEmailMessageLibrary":null,"ThankYouEmailMessage":null,"ValidateMessage":"false","ValidationMessageLibrary":null,"InactiveSurvey":null,"PartialDeletion":null,"PartialDataCloseAfter":"LastActivity","InactiveMessageLibrary":null,"InactiveMessage":null,"AvailableLanguages":{"EN":[]},"ProtectSelectionIds":true}},{"SurveyID":"SV_0v4s1MHQnr4cPz0","Element":"SQ","PrimaryAttribute":"QID1","SecondaryAttribute":"You are being asked to participate in a research study that examines the effectiveness of a lab a...","TertiaryAttribute":null,"Payload":{"QuestionText":"You are being asked to participate in a research study that examines the effectiveness of a lab activity for a neuroscience course.&nbsp; You will be asked to answer questions about your attitudes and opinions as they relate to the lab activity that you just completed; this should take about 20 minutes.<br \/>\n<br \/>\nWhile you completed the lab activity&nbsp; as part of the course you are enrolled in, you are under no obligation to participate in this research study examining its effectiveness.&nbsp; There is no compensation for participation.&nbsp; Electing not to participate will not affect your grade on the lab activity nor your course grade.<br \/>\n<br \/>\nThere are no foreseeable risks to participating in this research.<br \/>\n<br \/>\nYour responses will be entirely confidential.&nbsp; No identifying information is being collected.&nbsp; Your instructor will not be able to match your responses to your identify nor will they be able to tell if you elected to participate in this research or not.<br \/>\n<br \/>\nThe data for this research project will be posted to an online data repository.&nbsp; But this will not contain any identifying information, and all responses will be fully anonymous.<br \/>\n<br \/>\nIf you have any questions about this research, feel free to contact Robert Calin-Jageman (rcalinjageman@dom.edu), one of the principal investigators for this project, or the IRB chair at Dominican University: irb@dom.edu.<br \/>\n<br \/>\nFor Boston College students, feel free to contact Shveta Parekh (shveta.parekh@bc.edu), one of the principal investigators for this project. For more information about the study and the document of consent please see this document:&nbsp;<a href=\"https:\/\/dom.az1.qualtrics.com\/CP\/File.php?F=F_4HhtjsN6qW4ror4\" target=\"_blank\">Document of consent<\/a><br \/>\n<br \/>\n&nbsp;","DataExportTag":"IC","QuestionType":"MC","Selector":"SAVR","SubSelector":"TX","DataVisibility":{"Private":false,"Hidden":false},"Configuration":{"QuestionDescriptionOption":"UseText"},"QuestionDescription":"You are being asked to participate in a research study that examines the effectiveness of a lab a...","Choices":{"1":{"Display":"I am over 18 years old and I consent to take part in this research project"},"2":{"Display":"I decline participation and\/or I am not yet 18 years old"}},"ChoiceOrder":[1,2],"Validation":{"Settings":{"ForceResponse":"OFF","Type":"None"}},"Language":[],"NextChoiceId":3,"NextAnswerId":1,"QuestionID":"QID1"}},{"SurveyID":"SV_0v4s1MHQnr4cPz0","Element":"SQ","PrimaryAttribute":"QID10","SecondaryAttribute":"Please rate your agreement with each of the following statements.","TertiaryAttribute":null,"Payload":{"QuestionText":"Please rate your agreement with each of the following statements.","DefaultChoices":false,"DataExportTag":"feedback","QuestionType":"Matrix","Selector":"Likert","SubSelector":"SingleAnswer","DataVisibility":{"Private":false,"Hidden":false},"Configuration":{"QuestionDescriptionOption":"UseText","TextPosition":"inline","ChoiceColumnWidth":25,"RepeatHeaders":"none","WhiteSpace":"OFF","MobileFirst":true,"Autoscale":{"XScale":{"Name":"agreeDisagree","Type":"likert","Reverse":false}}},"QuestionDescription":"Please rate your agreement with each of the following statements.","Choices":{"1":{"Display":"I enjoyed learning about gene expression changes and neuroinflammation in Alzheimer\u2019s Disease in this laboratory format."},"2":{"Display":"I would have preferred a lecture about gene expression changes and neuroinflammation in Alzheimer\u2019s Disease rather than reading and working through this laboratory assignment."},"3":{"Display":"I gained more knowledge about gene expression changes and neuroinflammation in Alzheimer\u2019s Disease from this laboratory format than what I would have learned from a textbook and lecture."},"4":{"Display":"I enjoyed using the CellxGene explorer to interact with SEA-AD datasets"},"5":{"Display":"I enjoyed performing qualitative comparisons of gene expression levels and creating figures using UMAP plots"},"6":{"Display":"This laboratory assignment should be used again for students to learn about gene expression changes and neuroinflammation in Alzheimer\u2019s Disease."},"7":{"Display":"Working with the SEA-AD dataset helped me understand how large-scale, real-world data can be used to study Alzheimer\u2019s disease"},"8":{"Display":"I am interested in asking my own research questions using the SEA-AD dataset."},"9":{"Display":"This laboratory experience increased my interest in exploring my own research questions with open datasets."},"10":{"Display":"I see value in using open datasets like SEA-AD in my future coursework or research."}},"ChoiceOrder":[1,2,3,4,5,6,7,8,9,10],"Validation":{"Settings":{"ForceResponse":"OFF","Type":"None"}},"GradingData":[],"Language":[],"NextChoiceId":11,"NextAnswerId":6,"Answers":{"1":{"Display":"Strongly disagree"},"2":{"Display":"Somewhat disagree"},"3":{"Display":"Neither agree nor disagree"},"4":{"Display":"Somewhat agree"},"5":{"Display":"Strongly agree"}},"AnswerOrder":[1,2,3,4,5],"ChoiceDataExportTags":false,"QuestionID":"QID10"}},{"SurveyID":"SV_0v4s1MHQnr4cPz0","Element":"SQ","PrimaryAttribute":"QID11","SecondaryAttribute":"You are comparing microglial gene expression between Alzheimer\u2019s and normal donors in the SEA-AD..","TertiaryAttribute":null,"Payload":{"QuestionText":"You are comparing microglial gene expression between Alzheimer\u2019s and normal donors in the SEA-AD dataset. Which result would best suggest disease-specific dysregulation?","DefaultChoices":false,"DataExportTag":"ob4","QuestionType":"MC","Selector":"SAVR","SubSelector":"TX","DataVisibility":{"Private":false,"Hidden":false},"Configuration":{"QuestionDescriptionOption":"UseText"},"QuestionDescription":"You are comparing microglial gene expression between Alzheimer\u2019s and normal donors in the SEA-AD...","Choices":{"1":{"Display":"A gene highly expressed in both AD and normal microglia."},"2":{"Display":"A gene showing no difference in expression across cell types."},"3":{"Display":"A set of genes consistently upregulated in AD microglia compared to normal microglia."},"4":{"Display":"A single transcript detected in only one AD cell but absent in all others."}},"ChoiceOrder":[1,2,3,4],"Validation":{"Settings":{"ForceResponse":"OFF","Type":"None"}},"GradingData":[],"Language":[],"NextChoiceId":5,"NextAnswerId":1,"QuestionID":"QID11"}},{"SurveyID":"SV_0v4s1MHQnr4cPz0","Element":"SQ","PrimaryAttribute":"QID12","SecondaryAttribute":"A well-designed UMAP figure in a report should include:","TertiaryAttribute":null,"Payload":{"QuestionText":"A well-designed UMAP figure in a report should include:","DefaultChoices":false,"DataExportTag":"ob5","QuestionType":"MC","Selector":"SAVR","SubSelector":"TX","DataVisibility":{"Private":false,"Hidden":false},"Configuration":{"QuestionDescriptionOption":"UseText"},"QuestionDescription":"A well-designed UMAP figure in a report should include:","Choices":{"1":{"Display":"Raw sequencing reads aligned to the genome"},"2":{"Display":"Clearly labeled axes that represent transcript counts per gene"},"3":{"Display":"Color-coded clusters or overlays indicating the comparison of interest"},"4":{"Display":"A bar graph showing the total number of genes expressed in each cell"}},"ChoiceOrder":[1,2,3,4],"Validation":{"Settings":{"ForceResponse":"OFF","Type":"None"}},"GradingData":[],"Language":[],"NextChoiceId":5,"NextAnswerId":1,"QuestionID":"QID12"}},{"SurveyID":"SV_0v4s1MHQnr4cPz0","Element":"SQ","PrimaryAttribute":"QID13","SecondaryAttribute":"What is the biological function of the PTPRG gene?","TertiaryAttribute":null,"Payload":{"QuestionText":"What is the biological function of the PTPRG gene?","DefaultChoices":false,"DataExportTag":"Q13","QuestionType":"MC","Selector":"SAVR","SubSelector":"TX","DataVisibility":{"Private":false,"Hidden":false},"Configuration":{"QuestionDescriptionOption":"UseText"},"QuestionDescription":"What is the biological function of the PTPRG gene?","Choices":{"1":{"Display":"it is a protein found in the cytosol that regulates glycolysis"},"2":{"Display":"it is a protein that endoplasmic reticulum that regulates protein folding"},"3":{"Display":"it is a protein phosphotase found in the plasma membrane that has a variety of functions"},"4":{"Display":"it is a protein found in the mitochondria that produces ATP"}},"ChoiceOrder":[1,2,3,4],"Validation":{"Settings":{"ForceResponse":"OFF","Type":"None"}},"GradingData":[],"Language":[],"NextChoiceId":5,"NextAnswerId":1,"QuestionID":"QID13"}},{"SurveyID":"SV_0v4s1MHQnr4cPz0","Element":"SQ","PrimaryAttribute":"QID2","SecondaryAttribute":"I feel very confident in my ability to....","TertiaryAttribute":null,"Payload":{"QuestionText":"<strong>I feel very confident in my ability to....<\/strong>","DefaultChoices":false,"DataExportTag":"ratings","QuestionType":"Matrix","Selector":"Likert","SubSelector":"SingleAnswer","DataVisibility":{"Private":false,"Hidden":false},"Configuration":{"QuestionDescriptionOption":"UseText","TextPosition":"inline","ChoiceColumnWidth":25,"RepeatHeaders":"none","WhiteSpace":"OFF","MobileFirst":true,"Autoscale":{"XScale":{"Name":"agreeDisagree","Type":"likert","Reverse":false}}},"QuestionDescription":"I feel very confident in my ability to....","Choices":{"1":{"Display":"Explain the principles of RNA-seq, including how transcriptomic data is generated and what it represents at the single-cell level."},"2":{"Display":"Describe the role of neuroinflammation in Alzheimer\u2019s Disease. "},"3":{"Display":"Describe how RNA-seq data is used to identify and classify cell types, especially in the context of neurodegenerative disease like Alzheimer\u2019s."},"4":{"Display":"Interpret the purpose and function of UMAP (Uniform Manifold Approximation and Projection) as a dimensionality reduction tool for transcriptomic data."},"5":{"Display":"Use the Cell\u00d7Gene explorer to navigate and interact with SEA-AD single-cell RNA-seq datasets."},"6":{"Display":"Perform qualitative comparisons of gene expression levels across cell types and\/or brain regions using UMAP plots."},"7":{"Display":"Filter cells within Cell\u00d7Gene explorer based on gene expression, biomarker presence, and demographic variables (e.g., age, sex, pathology score)."},"8":{"Display":"Identify differentially expressed genes by comparing groups of interest (e.g., disease state or sex)."},"9":{"Display":"Create a qualitative figure that demonstrates changes in gene expression across a group of interest."},"10":{"Display":"Interpret the biological function of a gene by using external tools such as the NIH Gene database (GeneCards, NCBI Gene, etc.)."},"11":{"Display":"Communicate transcriptomic findings through figures (e.g., UMAPs) and summaries that integrate data interpretation with background literature."}},"ChoiceOrder":[1,2,3,4,5,6,7,8,9,10,11],"Validation":{"Settings":{"ForceResponse":"OFF","Type":"None"}},"GradingData":[],"Language":[],"NextChoiceId":12,"NextAnswerId":6,"Answers":{"1":{"Display":"Strongly disagree"},"2":{"Display":"Somewhat disagree"},"3":{"Display":"Neither agree nor disagree"},"4":{"Display":"Somewhat agree"},"5":{"Display":"Strongly agree"}},"AnswerOrder":[1,2,3,4,5],"ChoiceDataExportTags":false,"QuestionID":"QID2"}},{"SurveyID":"SV_0v4s1MHQnr4cPz0","Element":"SQ","PrimaryAttribute":"QID3","SecondaryAttribute":"Thank you for agreeing to participate. You've now completed the lab activity.\u00a0 Hope you enjoyed i..","TertiaryAttribute":null,"Payload":{"QuestionText":"Thank you for agreeing to participate.<br><br>You've now completed the lab activity.&nbsp; Hope you enjoyed it.<br><br>For this first section of the survey, we'd like to again get a sense of your confidence for some of the skills\/concepts covered in the lab.&nbsp; You answered the same questions before the lab --- you don't have to keep your answers the same; you don't have to change them; just answer based on how confident you feel now.","DefaultChoices":false,"DataExportTag":"intro","QuestionType":"DB","Selector":"TB","DataVisibility":{"Private":false,"Hidden":false},"Configuration":{"QuestionDescriptionOption":"UseText"},"QuestionDescription":"Thank you for agreeing to participate. You've now completed the lab activity.\u00a0 Hope you enjoyed i...","ChoiceOrder":[],"Validation":{"Settings":{"Type":"None"}},"GradingData":[],"Language":[],"NextChoiceId":4,"NextAnswerId":1,"QuestionID":"QID3"}},{"SurveyID":"SV_0v4s1MHQnr4cPz0","Element":"SQ","PrimaryAttribute":"QID4","SecondaryAttribute":"Thanks! There is only one more section of this survey to go.\u00a0 In this last section, you will be a..","TertiaryAttribute":null,"Payload":{"QuestionText":"Thanks!<br><br>There is only one more section of this survey to go.&nbsp; In this last section, you will be asked some test questions about the concepts\/skills in the lab your about to complete.&nbsp; You have just completed the lab, but you might not know the answers to all these questions.&nbsp; That's ok!&nbsp; Please don't look up answers or use AI -- these questions are not scored, we just want to get an idea of what knowledge you might have gained from completing the lab.","DefaultChoices":false,"DataExportTag":"intro2","QuestionType":"DB","Selector":"TB","DataVisibility":{"Private":false,"Hidden":false},"Configuration":{"QuestionDescriptionOption":"UseText"},"QuestionDescription":"Thanks! There is only one more section of this survey to go.\u00a0 In this last section, you will be a...","ChoiceOrder":[],"Validation":{"Settings":{"Type":"None"}},"GradingData":[],"Language":[],"NextChoiceId":4,"NextAnswerId":1,"QuestionID":"QID4"}},{"SurveyID":"SV_0v4s1MHQnr4cPz0","Element":"SQ","PrimaryAttribute":"QID5","SecondaryAttribute":"What does transcriptomic data tell us?","TertiaryAttribute":null,"Payload":{"QuestionText":"What does transcriptomic data tell us?","DataExportTag":"Ob1","QuestionType":"MC","Selector":"SAVR","SubSelector":"TX","DataVisibility":{"Private":false,"Hidden":false},"Configuration":{"QuestionDescriptionOption":"UseText"},"QuestionDescription":"What does transcriptomic data tell us?","Choices":{"1":{"Display":"the exact age of a cell."},"2":{"Display":"the genes a cell expresses and the quantity of each.*"},"3":{"Display":"the DNA sequence of each gene."},"4":{"Display":"the amount of protein present in a cell."}},"ChoiceOrder":[1,2,3,4],"Validation":{"Settings":{"ForceResponse":"OFF","Type":"None"}},"Language":[],"NextChoiceId":5,"NextAnswerId":1,"QuestionID":"QID5"}},{"SurveyID":"SV_0v4s1MHQnr4cPz0","Element":"SQ","PrimaryAttribute":"QID6","SecondaryAttribute":"Which of the following best describes what single-cell RNA-seq data represents?","TertiaryAttribute":null,"Payload":{"QuestionText":"Which of the following best describes what single-cell RNA-seq data represents?","DataExportTag":"Ob2","QuestionType":"MC","Selector":"SAVR","SubSelector":"TX","DataVisibility":{"Private":false,"Hidden":false},"Configuration":{"QuestionDescriptionOption":"UseText"},"QuestionDescription":"Which of the following best describes what single-cell RNA-seq data represents?","Choices":{"1":{"Display":"The complete DNA sequence of individual cells, including mutations."},"2":{"Display":"The dynamic profile of proteins expressed by a cell at a given time."},"3":{"Display":"The relative abundance of transcripts present in a single cell, reflecting gene activity"},"4":{"Display":"The epigenetic modifications that regulate gene expression in each cell."}},"ChoiceOrder":[1,2,3,4],"Validation":{"Settings":{"ForceResponse":"OFF","Type":"None"}},"Language":[],"NextChoiceId":5,"NextAnswerId":1,"QuestionID":"QID6"}},{"SurveyID":"SV_0v4s1MHQnr4cPz0","Element":"SQ","PrimaryAttribute":"QID7","SecondaryAttribute":"In UMAP plots, a cluster represents:","TertiaryAttribute":null,"Payload":{"QuestionText":"In UMAP plots, a cluster represents:","DataExportTag":"Ob3","QuestionType":"MC","Selector":"SAVR","SubSelector":"TX","DataVisibility":{"Private":false,"Hidden":false},"Configuration":{"QuestionDescriptionOption":"UseText"},"QuestionDescription":"In UMAP plots, a cluster represents:","Choices":{"1":{"Display":"A group of genes with similar expression levels"},"2":{"Display":"A group of cells with similar expression patterns"},"3":{"Display":"A group of patients with similar phenotypes"},"4":{"Display":"A group of proteins with similar molecular weights"}},"ChoiceOrder":[1,2,3,4],"Validation":{"Settings":{"ForceResponse":"OFF","Type":"None"}},"Language":[],"NextChoiceId":5,"NextAnswerId":1,"QuestionID":"QID7"}},{"SurveyID":"SV_0v4s1MHQnr4cPz0","Element":"SQ","PrimaryAttribute":"QID8","SecondaryAttribute":"That's it!\u00a0 Thanks for taking the time to participate in this research project. The goal of this...","TertiaryAttribute":null,"Payload":{"QuestionText":"That's it!&nbsp;<br><br>Thanks for taking the time to participate in this research project.<br><br>The goal of this project is to measure changes in attitudes and knowledge as students complete this lab activity exploring the SEA-AD database.&nbsp; We hypothesize that students will show changes in their confidence and in their objective knowledge.&nbsp; We'll use this data to not only test this hypothesis, but also to guide improvement of the lab.<br><br>Thanks for your participation.&nbsp; Hope you enjoyed the lab!","DefaultChoices":false,"DataExportTag":"End","QuestionType":"DB","Selector":"TB","DataVisibility":{"Private":false,"Hidden":false},"Configuration":{"QuestionDescriptionOption":"UseText"},"QuestionDescription":"That's it!\u00a0 Thanks for taking the time to participate in this research project. The goal of this...","ChoiceOrder":[],"Validation":{"Settings":{"Type":"None"}},"GradingData":[],"Language":[],"NextChoiceId":4,"NextAnswerId":1,"QuestionID":"QID8"}},{"SurveyID":"SV_0v4s1MHQnr4cPz0","Element":"SQ","PrimaryAttribute":"QID9","SecondaryAttribute":"Next up, we'd like some feedback on the lab. The next set of prompts ask about your attitudes and...","TertiaryAttribute":null,"Payload":{"QuestionText":"Next up, we'd like some feedback on the lab.&nbsp; The next set of prompts ask about your attitudes and feelings for different components of the lab activity.","DefaultChoices":false,"DataExportTag":"intro_feedback","QuestionID":"QID9","QuestionType":"DB","Selector":"TB","DataVisibility":{"Private":false,"Hidden":false},"Configuration":{"QuestionDescriptionOption":"UseText"},"QuestionDescription":"Next up, we'd like some feedback on the lab. The next set of prompts ask about your attitudes and...","ChoiceOrder":[],"Validation":{"Settings":{"Type":"None"}},"GradingData":[],"Language":[],"NextChoiceId":4,"NextAnswerId":1}},{"SurveyID":"SV_0v4s1MHQnr4cPz0","Element":"STAT","PrimaryAttribute":"Survey Statistics","SecondaryAttribute":null,"TertiaryAttribute":null,"Payload":{"MobileCompatible":true,"ID":"Survey Statistics"}}]}